Microsoft Visual Studio Solution File, Format Version 12.00
# Visual Studio 2012
Project("{FAE04EC0-301F-11D3-BF4B-00C04F79EFBC}") = "项目统计", "项目统计.csproj", "{C5538601-9577-4F2E-A588-FB43DA5CD054}"
EndProject
Global
	GlobalSection(SolutionConfigurationPlatforms) = preSolution
	Debug|Any CPU = Debug|Any CPU
	ExportDebug|Any CPU = ExportDebug|Any CPU
	ExportRelease|Any CPU = ExportRelease|Any CPU
	EndGlobalSection
	GlobalSection(ProjectConfigurationPlatforms) = postSolution
		{C5538601-9577-4F2E-A588-FB43DA5CD054}.Debug|Any CPU.ActiveCfg = Debug|Any CPU
		{C5538601-9577-4F2E-A588-FB43DA5CD054}.Debug|Any CPU.Build.0 = Debug|Any CPU
		{C5538601-9577-4F2E-A588-FB43DA5CD054}.ExportDebug|Any CPU.ActiveCfg = ExportDebug|Any CPU
		{C5538601-9577-4F2E-A588-FB43DA5CD054}.ExportDebug|Any CPU.Build.0 = ExportDebug|Any CPU
		{C5538601-9577-4F2E-A588-FB43DA5CD054}.ExportRelease|Any CPU.ActiveCfg = ExportRelease|Any CPU
		{C5538601-9577-4F2E-A588-FB43DA5CD054}.ExportRelease|Any CPU.Build.0 = ExportRelease|Any CPU
	EndGlobalSection
EndGlobal
